
Microsoft Visual Studio Solution File, Format Version 12.00
# Visual Studio Version 17
VisualStudioVersion = 17.11.35327.3
MinimumVisualStudioVersion = 10.0.40219.1
Project("{888888A0-9F3D-457C-B088-3A5042F75D52}") = "Creative_Chipmunks_Assignment09", "Creative_Chipmunks_Assignment09\Creative_Chipmunks_Assignment09.pyproj", "{4C4A70EF-F5D9-46A7-8875-13CFF39FB6CA}"
EndProject
Global
	GlobalSection(SolutionConfigurationPlatforms) = preSolution
		Debug|Any CPU = Debug|Any CPU
		Release|Any CPU = Release|Any CPU
	EndGlobalSection
	GlobalSection(ProjectConfigurationPlatforms) = postSolution
		{4C4A70EF-F5D9-46A7-8875-13CFF39FB6CA}.Debug|Any CPU.ActiveCfg = Debug|Any CPU
		{4C4A70EF-F5D9-46A7-8875-13CFF39FB6CA}.Release|Any CPU.ActiveCfg = Release|Any CPU
	EndGlobalSection
	GlobalSection(SolutionProperties) = preSolution
		HideSolutionNode = FALSE
	EndGlobalSection
	GlobalSection(ExtensibilityGlobals) = postSolution
		SolutionGuid = {A14465CB-E4DC-429E-BB9A-212DA070CDEC}
	EndGlobalSection
EndGlobal
